<?xml version="1.0" encoding="utf-8"?>
<Project ToolsVersion="4.0" xmlns="http://schemas.microsoft.com/developer/msbuild/2003">
  <ItemGroup>
    <Filter Include="Source Files">
      <UniqueIdentifier>{4FC737F1-C7A5-4376-A066-2A32D752A2FF}</UniqueIdentifier>
      <Extensions>cpp;c;cc;cxx;def;odl;idl;hpj;bat;asm;asmx</Extensions>
    </Filter>
    <Filter Include="Header Files">
      <UniqueIdentifier>{93995380-89BD-4b04-88EB-625FBE52EBFB}</UniqueIdentifier>
      <Extensions>h;hpp;hxx;hm;inl;inc;xsd</Extensions>
    </Filter>
    <Filter Include="Source Files\net">
      <UniqueIdentifier>{660638d8-f4d5-45a6-9ab5-ee9c8015a68b}</UniqueIdentifier>
    </Filter>
    <Filter Include="Header Files\net">
      <UniqueIdentifier>{aa0769f5-fcf0-4e2c-b3a9-2fdd6f8587fb}</UniqueIdentifier>
    </Filter>
    <Filter Include="Source Files\game">
      <UniqueIdentifier>{403eb8b4-98db-48b3-91c6-0de13a50f02c}</UniqueIdentifier>
    </Filter>
    <Filter Include="Header Files\game">
      <UniqueIdentifier>{79ac50b8-d263-4b2e-b98b-5f5c45d21df3}</UniqueIdentifier>
    </Filter>
    <Filter Include="Header Files\d3dhook">
      <UniqueIdentifier>{534ba28c-7e14-4d60-ac26-807e2181be57}</UniqueIdentifier>
    </Filter>
    <Filter Include="Source Files\d3dhook">
      <UniqueIdentifier>{a249e3fd-b258-4201-8211-88383d82a792}</UniqueIdentifier>
    </Filter>
    <Filter Include="Source Files\d3d8">
      <UniqueIdentifier>{7e50f2b1-5155-4456-b3cf-047ff49be473}</UniqueIdentifier>
    </Filter>
    <Filter Include="Header Files\d3d8">
      <UniqueIdentifier>{88032026-ecc8-43f6-9621-d5bb3a804b6d}</UniqueIdentifier>
    </Filter>
    <Filter Include="Source Files\gamemode">
      <UniqueIdentifier>{7137f2fe-8121-46f1-af6e-943a1de66933}</UniqueIdentifier>
    </Filter>
    <Filter Include="Header Files\gamemode">
      <UniqueIdentifier>{a3b09afc-25ab-4048-839b-1f36b7dd7423}</UniqueIdentifier>
    </Filter>
    <Filter Include="Header Files\jpeg">
      <UniqueIdentifier>{dd7b255e-69a4-46ae-95b0-00307a308f35}</UniqueIdentifier>
    </Filter>
    <Filter Include="Source Files\raknet">
      <UniqueIdentifier>{2a5f3f27-549b-4b98-bc33-d0d7a18d96ed}</UniqueIdentifier>
    </Filter>
  </ItemGroup>
  <ItemGroup>
    <ClCompile Include="exceptions.cpp">
      <Filter>Source Files</Filter>
    </ClCompile>
    <ClCompile Include="main.cpp">
      <Filter>Source Files</Filter>
    </ClCompile>
    <ClCompile Include="md5.cpp">
      <Filter>Source Files</Filter>
    </ClCompile>
    <ClCompile Include="netstats.cpp">
      <Filter>Source Files</Filter>
    </ClCompile>
    <ClCompile Include="scoreboard.cpp">
      <Filter>Source Files</Filter>
    </ClCompile>
    <ClCompile Include="screenshot.cpp">
      <Filter>Source Files</Filter>
    </ClCompile>
    <ClCompile Include="anticheat.cpp">
      <Filter>Source Files</Filter>
    </ClCompile>
    <ClCompile Include="bbfont.cpp">
      <Filter>Source Files</Filter>
    </ClCompile>
    <ClCompile Include="chatwindow.cpp">
      <Filter>Source Files</Filter>
    </ClCompile>
    <ClCompile Include="cmdprocs.cpp">
      <Filter>Source Files</Filter>
    </ClCompile>
    <ClCompile Include="cmdwindow.cpp">
      <Filter>Source Files</Filter>
    </ClCompile>
    <ClCompile Include="net\vehiclepool.cpp">
      <Filter>Source Files\net</Filter>
    </ClCompile>
    <ClCompile Include="net\localplayer.cpp">
      <Filter>Source Files\net</Filter>
    </ClCompile>
    <ClCompile Include="net\netgame.cpp">
      <Filter>Source Files\net</Filter>
    </ClCompile>
    <ClCompile Include="net\netrpc.cpp">
      <Filter>Source Files\net</Filter>
    </ClCompile>
    <ClCompile Include="net\playerpool.cpp">
      <Filter>Source Files\net</Filter>
    </ClCompile>
    <ClCompile Include="net\remoteplayer.cpp">
      <Filter>Source Files\net</Filter>
    </ClCompile>
    <ClCompile Include="game\util.cpp">
      <Filter>Source Files\game</Filter>
    </ClCompile>
    <ClCompile Include="game\vehicle.cpp">
      <Filter>Source Files\game</Filter>
    </ClCompile>
    <ClCompile Include="game\aimstuff.cpp">
      <Filter>Source Files\game</Filter>
    </ClCompile>
    <ClCompile Include="game\camera.cpp">
      <Filter>Source Files\game</Filter>
    </ClCompile>
    <ClCompile Include="game\game.cpp">
      <Filter>Source Files\game</Filter>
    </ClCompile>
    <ClCompile Include="game\hooks.cpp">
      <Filter>Source Files\game</Filter>
    </ClCompile>
    <ClCompile Include="game\keystuff.cpp">
      <Filter>Source Files\game</Filter>
    </ClCompile>
    <ClCompile Include="game\playerped.cpp">
      <Filter>Source Files\game</Filter>
    </ClCompile>
    <ClCompile Include="game\scripting.cpp">
      <Filter>Source Files\game</Filter>
    </ClCompile>
    <ClCompile Include="d3dhook\IDirect3D8Hook.cpp">
      <Filter>Source Files\d3dhook</Filter>
    </ClCompile>
    <ClCompile Include="d3dhook\IDirect3DDevice8Hook.cpp">
      <Filter>Source Files\d3dhook</Filter>
    </ClCompile>
    <ClCompile Include="d3d8\dxutil.cpp">
      <Filter>Source Files\d3d8</Filter>
    </ClCompile>
    <ClCompile Include="d3d8\d3dfont.cpp">
      <Filter>Source Files\d3d8</Filter>
    </ClCompile>
    <ClCompile Include="d3d8\d3dutil.cpp">
      <Filter>Source Files\d3d8</Filter>
    </ClCompile>
    <ClCompile Include="gamemode\generic.cpp">
      <Filter>Source Files\gamemode</Filter>
    </ClCompile>
    <ClCompile Include="raknet\AES128.cpp">
      <Filter>Source Files\raknet</Filter>
    </ClCompile>
    <ClCompile Include="raknet\AsynchronousFileIO.cpp">
      <Filter>Source Files\raknet</Filter>
    </ClCompile>
    <ClCompile Include="raknet\BitStream.cpp">
      <Filter>Source Files\raknet</Filter>
    </ClCompile>
    <ClCompile Include="raknet\CheckSum.cpp">
      <Filter>Source Files\raknet</Filter>
    </ClCompile>
    <ClCompile Include="raknet\DataBlockEncryptor.cpp">
      <Filter>Source Files\raknet</Filter>
    </ClCompile>
    <ClCompile Include="raknet\DistributedNetworkObject.cpp">
      <Filter>Source Files\raknet</Filter>
    </ClCompile>
    <ClCompile Include="raknet\DistributedNetworkObjectManager.cpp">
      <Filter>Source Files\raknet</Filter>
    </ClCompile>
    <ClCompile Include="raknet\DistributedNetworkObjectStub.cpp">
      <Filter>Source Files\raknet</Filter>
    </ClCompile>
    <ClCompile Include="raknet\EncodeClassName.cpp">
      <Filter>Source Files\raknet</Filter>
    </ClCompile>
    <ClCompile Include="raknet\ExtendedOverlappedPool.cpp">
      <Filter>Source Files\raknet</Filter>
    </ClCompile>
    <ClCompile Include="raknet\GetTime.cpp">
      <Filter>Source Files\raknet</Filter>
    </ClCompile>
    <ClCompile Include="raknet\HuffmanEncodingTree.cpp">
      <Filter>Source Files\raknet</Filter>
    </ClCompile>
    <ClCompile Include="raknet\HuffmanEncodingTreeFactory.cpp">
      <Filter>Source Files\raknet</Filter>
    </ClCompile>
    <ClCompile Include="raknet\InternalPacketPool.cpp">
      <Filter>Source Files\raknet</Filter>
    </ClCompile>
    <ClCompile Include="raknet\Itoa.cpp">
      <Filter>Source Files\raknet</Filter>
    </ClCompile>
    <ClCompile Include="raknet\NetworkObject.cpp">
      <Filter>Source Files\raknet</Filter>
    </ClCompile>
    <ClCompile Include="raknet\NetworkTypes.cpp">
      <Filter>Source Files\raknet</Filter>
    </ClCompile>
    <ClCompile Include="raknet\PacketPool.cpp">
      <Filter>Source Files\raknet</Filter>
    </ClCompile>
    <ClCompile Include="raknet\RakClient.cpp">
      <Filter>Source Files\raknet</Filter>
    </ClCompile>
    <ClCompile Include="raknet\RakMemoryOverride.cpp">
      <Filter>Source Files\raknet</Filter>
    </ClCompile>
    <ClCompile Include="raknet\RakNetStatistics.cpp">
      <Filter>Source Files\raknet</Filter>
    </ClCompile>
    <ClCompile Include="raknet\RakNetworkFactory.cpp">
      <Filter>Source Files\raknet</Filter>
    </ClCompile>
    <ClCompile Include="raknet\RakPeer.cpp">
      <Filter>Source Files\raknet</Filter>
    </ClCompile>
    <ClCompile Include="raknet\RakServer.cpp">
      <Filter>Source Files\raknet</Filter>
    </ClCompile>
    <ClCompile Include="raknet\RakSleep.cpp">
      <Filter>Source Files\raknet</Filter>
    </ClCompile>
    <ClCompile Include="raknet\RakThread.cpp">
      <Filter>Source Files\raknet</Filter>
    </ClCompile>
    <ClCompile Include="raknet\Rand.cpp">
      <Filter>Source Files\raknet</Filter>
    </ClCompile>
    <ClCompile Include="raknet\ReliabilityLayer.cpp">
      <Filter>Source Files\raknet</Filter>
    </ClCompile>
    <ClCompile Include="raknet\RPCNode.cpp">
      <Filter>Source Files\raknet</Filter>
    </ClCompile>
    <ClCompile Include="raknet\SHA1.cpp">
      <Filter>Source Files\raknet</Filter>
    </ClCompile>
    <ClCompile Include="raknet\SimpleMutex.cpp">
      <Filter>Source Files\raknet</Filter>
    </ClCompile>
    <ClCompile Include="raknet\SocketLayer.cpp">
      <Filter>Source Files\raknet</Filter>
    </ClCompile>
    <ClCompile Include="raknet\StringCompressor.cpp">
      <Filter>Source Files\raknet</Filter>
    </ClCompile>
    <ClCompile Include="raknet\TCPInterface.cpp">
      <Filter>Source Files\raknet</Filter>
    </ClCompile>
    <ClCompile Include="raknet\WSAStartupSingleton.cpp">
      <Filter>Source Files\raknet</Filter>
    </ClCompile>
    <ClCompile Include="subclass.cpp">
      <Filter>Source Files</Filter>
    </ClCompile>
  </ItemGroup>
  <ItemGroup>
    <ClInclude Include="screenshot.h">
      <Filter>Header Files</Filter>
    </ClInclude>
    <ClInclude Include="anticheat.h">
      <Filter>Header Files</Filter>
    </ClInclude>
    <ClInclude Include="bbfont.h">
      <Filter>Header Files</Filter>
    </ClInclude>
    <ClInclude Include="chatwindow.h">
      <Filter>Header Files</Filter>
    </ClInclude>
    <ClInclude Include="cmdwindow.h">
      <Filter>Header Files</Filter>
    </ClInclude>
    <ClInclude Include="global.h">
      <Filter>Header Files</Filter>
    </ClInclude>
    <ClInclude Include="main.h">
      <Filter>Header Files</Filter>
    </ClInclude>
    <ClInclude Include="md5.h">
      <Filter>Header Files</Filter>
    </ClInclude>
    <ClInclude Include="netstats.h">
      <Filter>Header Files</Filter>
    </ClInclude>
    <ClInclude Include="resource.h">
      <Filter>Header Files</Filter>
    </ClInclude>
    <ClInclude Include="scoreboard.h">
      <Filter>Header Files</Filter>
    </ClInclude>
    <ClInclude Include="net\vehiclepool.h">
      <Filter>Header Files\net</Filter>
    </ClInclude>
    <ClInclude Include="net\localplayer.h">
      <Filter>Header Files\net</Filter>
    </ClInclude>
    <ClInclude Include="net\netgame.h">
      <Filter>Header Files\net</Filter>
    </ClInclude>
    <ClInclude Include="net\netrpc.h">
      <Filter>Header Files\net</Filter>
    </ClInclude>
    <ClInclude Include="net\playerpool.h">
      <Filter>Header Files\net</Filter>
    </ClInclude>
    <ClInclude Include="net\remoteplayer.h">
      <Filter>Header Files\net</Filter>
    </ClInclude>
    <ClInclude Include="game\vehicle.h">
      <Filter>Header Files\game</Filter>
    </ClInclude>
    <ClInclude Include="game\address.h">
      <Filter>Header Files\game</Filter>
    </ClInclude>
    <ClInclude Include="game\aimstuff.h">
      <Filter>Header Files\game</Filter>
    </ClInclude>
    <ClInclude Include="game\camera.h">
      <Filter>Header Files\game</Filter>
    </ClInclude>
    <ClInclude Include="game\common.h">
      <Filter>Header Files\game</Filter>
    </ClInclude>
    <ClInclude Include="game\game.h">
      <Filter>Header Files\game</Filter>
    </ClInclude>
    <ClInclude Include="game\keystuff.h">
      <Filter>Header Files\game</Filter>
    </ClInclude>
    <ClInclude Include="game\playerped.h">
      <Filter>Header Files\game</Filter>
    </ClInclude>
    <ClInclude Include="game\scripting.h">
      <Filter>Header Files\game</Filter>
    </ClInclude>
    <ClInclude Include="game\util.h">
      <Filter>Header Files\game</Filter>
    </ClInclude>
    <ClInclude Include="d3dhook\IDirect3D8Hook.h">
      <Filter>Header Files\d3dhook</Filter>
    </ClInclude>
    <ClInclude Include="d3dhook\IDirect3DDevice8Hook.h">
      <Filter>Header Files\d3dhook</Filter>
    </ClInclude>
    <ClInclude Include="d3d8\include\d3d8.h">
      <Filter>Header Files\d3d8</Filter>
    </ClInclude>
    <ClInclude Include="d3d8\include\d3d8caps.h">
      <Filter>Header Files\d3d8</Filter>
    </ClInclude>
    <ClInclude Include="d3d8\include\d3d8types.h">
      <Filter>Header Files\d3d8</Filter>
    </ClInclude>
    <ClInclude Include="d3d8\include\d3dfont.h">
      <Filter>Header Files\d3d8</Filter>
    </ClInclude>
    <ClInclude Include="d3d8\include\d3dutil.h">
      <Filter>Header Files\d3d8</Filter>
    </ClInclude>
    <ClInclude Include="d3d8\include\d3dx8.h">
      <Filter>Header Files\d3d8</Filter>
    </ClInclude>
    <ClInclude Include="d3d8\include\d3dx8core.h">
      <Filter>Header Files\d3d8</Filter>
    </ClInclude>
    <ClInclude Include="d3d8\include\d3dx8effect.h">
      <Filter>Header Files\d3d8</Filter>
    </ClInclude>
    <ClInclude Include="d3d8\include\d3dx8math.h">
      <Filter>Header Files\d3d8</Filter>
    </ClInclude>
    <ClInclude Include="d3d8\include\d3dx8mesh.h">
      <Filter>Header Files\d3d8</Filter>
    </ClInclude>
    <ClInclude Include="d3d8\include\d3dx8shape.h">
      <Filter>Header Files\d3d8</Filter>
    </ClInclude>
    <ClInclude Include="d3d8\include\d3dx8tex.h">
      <Filter>Header Files\d3d8</Filter>
    </ClInclude>
    <ClInclude Include="d3d8\include\dinput.h">
      <Filter>Header Files\d3d8</Filter>
    </ClInclude>
    <ClInclude Include="d3d8\include\dxfile.h">
      <Filter>Header Files\d3d8</Filter>
    </ClInclude>
    <ClInclude Include="d3d8\include\dxutil.h">
      <Filter>Header Files\d3d8</Filter>
    </ClInclude>
    <ClInclude Include="gamemode\generic.h">
      <Filter>Header Files\gamemode</Filter>
    </ClInclude>
    <ClInclude Include="jpeg\jconfig.h">
      <Filter>Header Files\jpeg</Filter>
    </ClInclude>
    <ClInclude Include="jpeg\jmorecfg.h">
      <Filter>Header Files\jpeg</Filter>
    </ClInclude>
    <ClInclude Include="jpeg\jpeglib.h">
      <Filter>Header Files\jpeg</Filter>
    </ClInclude>
    <ClInclude Include="raknet\AES128.h">
      <Filter>Source Files\raknet</Filter>
    </ClInclude>
    <ClInclude Include="raknet\ArrayList.h">
      <Filter>Source Files\raknet</Filter>
    </ClInclude>
    <ClInclude Include="raknet\AsynchronousFileIO.h">
      <Filter>Source Files\raknet</Filter>
    </ClInclude>
    <ClInclude Include="raknet\BigTypes.h">
      <Filter>Source Files\raknet</Filter>
    </ClInclude>
    <ClInclude Include="raknet\BinarySearchTree.h">
      <Filter>Source Files\raknet</Filter>
    </ClInclude>
    <ClInclude Include="raknet\BitStream.h">
      <Filter>Source Files\raknet</Filter>
    </ClInclude>
    <ClInclude Include="raknet\CheckSum.h">
      <Filter>Source Files\raknet</Filter>
    </ClInclude>
    <ClInclude Include="raknet\ClientContextStruct.h">
      <Filter>Source Files\raknet</Filter>
    </ClInclude>
    <ClInclude Include="raknet\DataBlockEncryptor.h">
      <Filter>Source Files\raknet</Filter>
    </ClInclude>
    <ClInclude Include="raknet\DistributedNetworkObject.h">
      <Filter>Source Files\raknet</Filter>
    </ClInclude>
    <ClInclude Include="raknet\DistributedNetworkObjectHeader.h">
      <Filter>Source Files\raknet</Filter>
    </ClInclude>
    <ClInclude Include="raknet\DistributedNetworkObjectManager.h">
      <Filter>Source Files\raknet</Filter>
    </ClInclude>
    <ClInclude Include="raknet\DistributedNetworkObjectStub.h">
      <Filter>Source Files\raknet</Filter>
    </ClInclude>
    <ClInclude Include="raknet\DS_List.h">
      <Filter>Source Files\raknet</Filter>
    </ClInclude>
    <ClInclude Include="raknet\DS_Queue.h">
      <Filter>Source Files\raknet</Filter>
    </ClInclude>
    <ClInclude Include="raknet\EncodeClassName.h">
      <Filter>Source Files\raknet</Filter>
    </ClInclude>
    <ClInclude Include="raknet\ExtendedOverlappedPool.h">
      <Filter>Source Files\raknet</Filter>
    </ClInclude>
    <ClInclude Include="raknet\GetTime.h">
      <Filter>Source Files\raknet</Filter>
    </ClInclude>
    <ClInclude Include="raknet\HuffmanEncodingTree.h">
      <Filter>Source Files\raknet</Filter>
    </ClInclude>
    <ClInclude Include="raknet\HuffmanEncodingTreeFactory.h">
      <Filter>Source Files\raknet</Filter>
    </ClInclude>
    <ClInclude Include="raknet\HuffmanEncodingTreeNode.h">
      <Filter>Source Files\raknet</Filter>
    </ClInclude>
    <ClInclude Include="raknet\InternalPacket.h">
      <Filter>Source Files\raknet</Filter>
    </ClInclude>
    <ClInclude Include="raknet\InternalPacketPool.h">
      <Filter>Source Files\raknet</Filter>
    </ClInclude>
    <ClInclude Include="raknet\Itoa.h">
      <Filter>Source Files\raknet</Filter>
    </ClInclude>
    <ClInclude Include="raknet\LinkedList.h">
      <Filter>Source Files\raknet</Filter>
    </ClInclude>
    <ClInclude Include="raknet\MTUSize.h">
      <Filter>Source Files\raknet</Filter>
    </ClInclude>
    <ClInclude Include="raknet\Multiplayer.h">
      <Filter>Source Files\raknet</Filter>
    </ClInclude>
    <ClInclude Include="raknet\NetworkObject.h">
      <Filter>Source Files\raknet</Filter>
    </ClInclude>
    <ClInclude Include="raknet\NetworkTypes.h">
      <Filter>Source Files\raknet</Filter>
    </ClInclude>
    <ClInclude Include="raknet\PacketEnumerations.h">
      <Filter>Source Files\raknet</Filter>
    </ClInclude>
    <ClInclude Include="raknet\PacketPool.h">
      <Filter>Source Files\raknet</Filter>
    </ClInclude>
    <ClInclude Include="raknet\PacketPriority.h">
      <Filter>Source Files\raknet</Filter>
    </ClInclude>
    <ClInclude Include="raknet\Queue.h">
      <Filter>Source Files\raknet</Filter>
    </ClInclude>
    <ClInclude Include="raknet\QueueLinkedList.h">
      <Filter>Source Files\raknet</Filter>
    </ClInclude>
    <ClInclude Include="raknet\RakClient.h">
      <Filter>Source Files\raknet</Filter>
    </ClInclude>
    <ClInclude Include="raknet\RakClientInterface.h">
      <Filter>Source Files\raknet</Filter>
    </ClInclude>
    <ClInclude Include="raknet\RakMemoryOverride.h">
      <Filter>Source Files\raknet</Filter>
    </ClInclude>
    <ClInclude Include="raknet\RakNetStatistics.h">
      <Filter>Source Files\raknet</Filter>
    </ClInclude>
    <ClInclude Include="raknet\RakNetworkFactory.h">
      <Filter>Source Files\raknet</Filter>
    </ClInclude>
    <ClInclude Include="raknet\RakPeer.h">
      <Filter>Source Files\raknet</Filter>
    </ClInclude>
    <ClInclude Include="raknet\RakPeerInterface.h">
      <Filter>Source Files\raknet</Filter>
    </ClInclude>
    <ClInclude Include="raknet\RakServer.h">
      <Filter>Source Files\raknet</Filter>
    </ClInclude>
    <ClInclude Include="raknet\RakServerInterface.h">
      <Filter>Source Files\raknet</Filter>
    </ClInclude>
    <ClInclude Include="raknet\RakSleep.h">
      <Filter>Source Files\raknet</Filter>
    </ClInclude>
    <ClInclude Include="raknet\RakThread.h">
      <Filter>Source Files\raknet</Filter>
    </ClInclude>
    <ClInclude Include="raknet\Rand.h">
      <Filter>Source Files\raknet</Filter>
    </ClInclude>
    <ClInclude Include="raknet\ReliabilityLayer.h">
      <Filter>Source Files\raknet</Filter>
    </ClInclude>
    <ClInclude Include="raknet\RPCNode.h">
      <Filter>Source Files\raknet</Filter>
    </ClInclude>
    <ClInclude Include="raknet\RSACrypt.h">
      <Filter>Source Files\raknet</Filter>
    </ClInclude>
    <ClInclude Include="raknet\SHA1.h">
      <Filter>Source Files\raknet</Filter>
    </ClInclude>
    <ClInclude Include="raknet\SimpleMutex.h">
      <Filter>Source Files\raknet</Filter>
    </ClInclude>
    <ClInclude Include="raknet\SingleProducerConsumer.h">
      <Filter>Source Files\raknet</Filter>
    </ClInclude>
    <ClInclude Include="raknet\SocketLayer.h">
      <Filter>Source Files\raknet</Filter>
    </ClInclude>
    <ClInclude Include="raknet\StringCompressor.h">
      <Filter>Source Files\raknet</Filter>
    </ClInclude>
    <ClInclude Include="raknet\TCPInterface.h">
      <Filter>Source Files\raknet</Filter>
    </ClInclude>
    <ClInclude Include="raknet\Types.h">
      <Filter>Source Files\raknet</Filter>
    </ClInclude>
    <ClInclude Include="raknet\WSAStartupSingleton.h">
      <Filter>Source Files\raknet</Filter>
    </ClInclude>
  </ItemGroup>
</Project>